
Microsoft Visual Studio Solution File, Format Version 12.00
# Visual Studio Version 16
VisualStudioVersion = 16.0.33920.266
MinimumVisualStudioVersion = 10.0.40219.1
Project("{FAE04EC0-301F-11D3-BF4B-00C04F79EFBC}") = "MyDVLD", "MyDVLD.csproj", "{0133AA2F-5C24-4894-B9D8-482069FC9D15}"
EndProject
Project("{FAE04EC0-301F-11D3-BF4B-00C04F79EFBC}") = "DataBusiness", "..\..\Projects\DataBusiness\DataBusiness.csproj", "{36D66D01-AB4B-4CAB-BCD2-B6B1A553A721}"
EndProject
Project("{FAE04EC0-301F-11D3-BF4B-00C04F79EFBC}") = "DataAccess", "..\..\Projects\DataAccess\DataAccess.csproj", "{26B5F14B-C496-43E0-86DD-5F5E83C8C5DC}"
EndProject
Global
	GlobalSection(SolutionConfigurationPlatforms) = preSolution
		Debug|Any CPU = Debug|Any CPU
		Release|Any CPU = Release|Any CPU
	EndGlobalSection
	GlobalSection(ProjectConfigurationPlatforms) = postSolution
		{0133AA2F-5C24-4894-B9D8-482069FC9D15}.Debug|Any CPU.ActiveCfg = Debug|Any CPU
		{0133AA2F-5C24-4894-B9D8-482069FC9D15}.Debug|Any CPU.Build.0 = Debug|Any CPU
		{0133AA2F-5C24-4894-B9D8-482069FC9D15}.Release|Any CPU.ActiveCfg = Release|Any CPU
		{0133AA2F-5C24-4894-B9D8-482069FC9D15}.Release|Any CPU.Build.0 = Release|Any CPU
		{36D66D01-AB4B-4CAB-BCD2-B6B1A553A721}.Debug|Any CPU.ActiveCfg = Debug|Any CPU
		{36D66D01-AB4B-4CAB-BCD2-B6B1A553A721}.Debug|Any CPU.Build.0 = Debug|Any CPU
		{36D66D01-AB4B-4CAB-BCD2-B6B1A553A721}.Release|Any CPU.ActiveCfg = Release|Any CPU
		{36D66D01-AB4B-4CAB-BCD2-B6B1A553A721}.Release|Any CPU.Build.0 = Release|Any CPU
		{26B5F14B-C496-43E0-86DD-5F5E83C8C5DC}.Debug|Any CPU.ActiveCfg = Debug|Any CPU
		{26B5F14B-C496-43E0-86DD-5F5E83C8C5DC}.Debug|Any CPU.Build.0 = Debug|Any CPU
		{26B5F14B-C496-43E0-86DD-5F5E83C8C5DC}.Release|Any CPU.ActiveCfg = Release|Any CPU
		{26B5F14B-C496-43E0-86DD-5F5E83C8C5DC}.Release|Any CPU.Build.0 = Release|Any CPU
	EndGlobalSection
	GlobalSection(SolutionProperties) = preSolution
		HideSolutionNode = FALSE
	EndGlobalSection
	GlobalSection(ExtensibilityGlobals) = postSolution
		SolutionGuid = {D2E706C8-595D-4C07-B368-1BF5777B10C4}
	EndGlobalSection
EndGlobal
